
Microsoft Visual Studio Solution File, Format Version 12.00
# Visual Studio Version 16
VisualStudioVersion = 16.0.29519.87
MinimumVisualStudioVersion = 10.0.40219.1
Project("{FAE04EC0-301F-11D3-BF4B-00C04F79EFBC}") = "Programm", "Programm\Programm.csproj", "{196C6C8D-F449-4FE4-A2C9-1DCE4EEE9D44}"
EndProject
Global
	GlobalSection(SolutionConfigurationPlatforms) = preSolution
		Debug|Any CPU = Debug|Any CPU
		Release|Any CPU = Release|Any CPU
	EndGlobalSection
	GlobalSection(ProjectConfigurationPlatforms) = postSolution
		{196C6C8D-F449-4FE4-A2C9-1DCE4EEE9D44}.Debug|Any CPU.ActiveCfg = Debug|Any CPU
		{196C6C8D-F449-4FE4-A2C9-1DCE4EEE9D44}.Debug|Any CPU.Build.0 = Debug|Any CPU
		{196C6C8D-F449-4FE4-A2C9-1DCE4EEE9D44}.Release|Any CPU.ActiveCfg = Release|Any CPU
		{196C6C8D-F449-4FE4-A2C9-1DCE4EEE9D44}.Release|Any CPU.Build.0 = Release|Any CPU
	EndGlobalSection
	GlobalSection(SolutionProperties) = preSolution
		HideSolutionNode = FALSE
	EndGlobalSection
	GlobalSection(ExtensibilityGlobals) = postSolution
		SolutionGuid = {DE116CB3-F7B6-4F30-9E99-9A78A5EB86F2}
	EndGlobalSection
EndGlobal
